
Microsoft Visual Studio Solution File, Format Version 12.00
# Visual Studio Version 16
VisualStudioVersion = 16.0.30204.135
MinimumVisualStudioVersion = 10.0.40219.1
Project("{FAE04EC0-301F-11D3-BF4B-00C04F79EFBC}") = "Control", "Control\Control.csproj", "{CED84349-870F-4761-BD10-60A259BCDA59}"
EndProject
Global
	GlobalSection(SolutionConfigurationPlatforms) = preSolution
		Debug|Any CPU = Debug|Any CPU
		Release|Any CPU = Release|Any CPU
	EndGlobalSection
	GlobalSection(ProjectConfigurationPlatforms) = postSolution
		{CED84349-870F-4761-BD10-60A259BCDA59}.Debug|Any CPU.ActiveCfg = Debug|Any CPU
		{CED84349-870F-4761-BD10-60A259BCDA59}.Debug|Any CPU.Build.0 = Debug|Any CPU
		{CED84349-870F-4761-BD10-60A259BCDA59}.Release|Any CPU.ActiveCfg = Release|Any CPU
		{CED84349-870F-4761-BD10-60A259BCDA59}.Release|Any CPU.Build.0 = Release|Any CPU
	EndGlobalSection
	GlobalSection(SolutionProperties) = preSolution
		HideSolutionNode = FALSE
	EndGlobalSection
	GlobalSection(ExtensibilityGlobals) = postSolution
		SolutionGuid = {3F431C0D-AB04-4E83-9E08-372C87AA3E3C}
	EndGlobalSection
EndGlobal
